
Microsoft Visual Studio Solution File, Format Version 12.00
# Visual Studio 14
VisualStudioVersion = 14.0.23107.0
MinimumVisualStudioVersion = 10.0.40219.1
Project("{FAE04EC0-301F-11D3-BF4B-00C04F79EFBC}") = "BatchingHosting", "Hosting\BatchingHosting.csproj", "{12D1E15A-DBB2-4BE6-804A-AE3287313AF7}"
EndProject
Project("{FAE04EC0-301F-11D3-BF4B-00C04F79EFBC}") = "DirectProxyClient", "Client\DirectProxyClient.csproj", "{43C20C19-FE39-4215-8970-E17CBACD6AAE}"
EndProject
Project("{FAE04EC0-301F-11D3-BF4B-00C04F79EFBC}") = "WinFormClient", "WinFormClient\WinFormClient.csproj", "{BCA9A3E6-1220-4036-93CA-FE68D569A54C}"
EndProject
Project("{FAE04EC0-301F-11D3-BF4B-00C04F79EFBC}") = "ConsoleApplicationClient", "ConsoleApplicationClient\ConsoleApplicationClient.csproj", "{CAAB33A1-1918-4B40-903F-6002A251FBAD}"
EndProject
Global
	GlobalSection(SolutionConfigurationPlatforms) = preSolution
		Debug|Any CPU = Debug|Any CPU
		Debug|x86 = Debug|x86
		Release|Any CPU = Release|Any CPU
		Release|x86 = Release|x86
	EndGlobalSection
	GlobalSection(ProjectConfigurationPlatforms) = postSolution
		{12D1E15A-DBB2-4BE6-804A-AE3287313AF7}.Debug|Any CPU.ActiveCfg = Debug|Any CPU
		{12D1E15A-DBB2-4BE6-804A-AE3287313AF7}.Debug|Any CPU.Build.0 = Debug|Any CPU
		{12D1E15A-DBB2-4BE6-804A-AE3287313AF7}.Debug|x86.ActiveCfg = Debug|x86
		{12D1E15A-DBB2-4BE6-804A-AE3287313AF7}.Debug|x86.Build.0 = Debug|x86
		{12D1E15A-DBB2-4BE6-804A-AE3287313AF7}.Release|Any CPU.ActiveCfg = Release|Any CPU
		{12D1E15A-DBB2-4BE6-804A-AE3287313AF7}.Release|Any CPU.Build.0 = Release|Any CPU
		{12D1E15A-DBB2-4BE6-804A-AE3287313AF7}.Release|x86.ActiveCfg = Release|x86
		{12D1E15A-DBB2-4BE6-804A-AE3287313AF7}.Release|x86.Build.0 = Release|x86
		{43C20C19-FE39-4215-8970-E17CBACD6AAE}.Debug|Any CPU.ActiveCfg = Debug|Any CPU
		{43C20C19-FE39-4215-8970-E17CBACD6AAE}.Debug|Any CPU.Build.0 = Debug|Any CPU
		{43C20C19-FE39-4215-8970-E17CBACD6AAE}.Debug|x86.ActiveCfg = Debug|Any CPU
		{43C20C19-FE39-4215-8970-E17CBACD6AAE}.Debug|x86.Build.0 = Debug|Any CPU
		{43C20C19-FE39-4215-8970-E17CBACD6AAE}.Release|Any CPU.ActiveCfg = Release|Any CPU
		{43C20C19-FE39-4215-8970-E17CBACD6AAE}.Release|Any CPU.Build.0 = Release|Any CPU
		{43C20C19-FE39-4215-8970-E17CBACD6AAE}.Release|x86.ActiveCfg = Release|Any CPU
		{43C20C19-FE39-4215-8970-E17CBACD6AAE}.Release|x86.Build.0 = Release|Any CPU
		{BCA9A3E6-1220-4036-93CA-FE68D569A54C}.Debug|Any CPU.ActiveCfg = Debug|Any CPU
		{BCA9A3E6-1220-4036-93CA-FE68D569A54C}.Debug|Any CPU.Build.0 = Debug|Any CPU
		{BCA9A3E6-1220-4036-93CA-FE68D569A54C}.Debug|x86.ActiveCfg = Debug|Any CPU
		{BCA9A3E6-1220-4036-93CA-FE68D569A54C}.Debug|x86.Build.0 = Debug|Any CPU
		{BCA9A3E6-1220-4036-93CA-FE68D569A54C}.Release|Any CPU.ActiveCfg = Release|Any CPU
		{BCA9A3E6-1220-4036-93CA-FE68D569A54C}.Release|Any CPU.Build.0 = Release|Any CPU
		{BCA9A3E6-1220-4036-93CA-FE68D569A54C}.Release|x86.ActiveCfg = Release|Any CPU
		{BCA9A3E6-1220-4036-93CA-FE68D569A54C}.Release|x86.Build.0 = Release|Any CPU
		{CAAB33A1-1918-4B40-903F-6002A251FBAD}.Debug|Any CPU.ActiveCfg = Debug|Any CPU
		{CAAB33A1-1918-4B40-903F-6002A251FBAD}.Debug|Any CPU.Build.0 = Debug|Any CPU
		{CAAB33A1-1918-4B40-903F-6002A251FBAD}.Debug|x86.ActiveCfg = Debug|Any CPU
		{CAAB33A1-1918-4B40-903F-6002A251FBAD}.Debug|x86.Build.0 = Debug|Any CPU
		{CAAB33A1-1918-4B40-903F-6002A251FBAD}.Release|Any CPU.ActiveCfg = Release|Any CPU
		{CAAB33A1-1918-4B40-903F-6002A251FBAD}.Release|Any CPU.Build.0 = Release|Any CPU
		{CAAB33A1-1918-4B40-903F-6002A251FBAD}.Release|x86.ActiveCfg = Release|Any CPU
		{CAAB33A1-1918-4B40-903F-6002A251FBAD}.Release|x86.Build.0 = Release|Any CPU
	EndGlobalSection
	GlobalSection(SolutionProperties) = preSolution
		HideSolutionNode = FALSE
	EndGlobalSection
EndGlobal
